
Microsoft Visual Studio Solution File, Format Version 12.00
# Visual Studio 14
VisualStudioVersion = 14.0.25420.1
MinimumVisualStudioVersion = 10.0.40219.1
Project("{FAE04EC0-301F-11D3-BF4B-00C04F79EFBC}") = "Converter.Models", "Converter.Models\Converter.Models.csproj", "{AF359FDA-981C-4616-82C4-4635DCA1F797}"
EndProject
Project("{2150E333-8FDC-42A3-9474-1A3956D46DE8}") = "Core", "Core", "{C23B8A03-8337-46E2-9E5A-B8124F4ECADC}"
EndProject
Project("{2150E333-8FDC-42A3-9474-1A3956D46DE8}") = "App", "App", "{453322C7-429D-4B0E-BD16-CEFBF80A6B09}"
EndProject
Project("{FAE04EC0-301F-11D3-BF4B-00C04F79EFBC}") = "Converter.App.Console", "Converter.App.Console\Converter.App.Console.csproj", "{BCA5A24F-FBFE-4A0A-AB99-0710E4DF5D02}"
EndProject
Project("{2150E333-8FDC-42A3-9474-1A3956D46DE8}") = "Tests", "Tests", "{9ED070BB-1FBA-49F2-8486-426DCA0ED43F}"
EndProject
Project("{FAE04EC0-301F-11D3-BF4B-00C04F79EFBC}") = "Converter.Common", "Converter.Common\Converter.Common.csproj", "{A8A92171-C7FD-4152-981F-B0C9066844D3}"
EndProject
Project("{FAE04EC0-301F-11D3-BF4B-00C04F79EFBC}") = "Converter.Data.Ado", "Converter.Data.Ado\Converter.Data.Ado.csproj", "{F3F96ED6-2BDD-4C13-AEBC-C804C8CD56AC}"
EndProject
Project("{FAE04EC0-301F-11D3-BF4B-00C04F79EFBC}") = "Converter.Presentation", "Converter.Presentation\Converter.Presentation.csproj", "{5A05D872-355D-434B-8505-4680A0DAE141}"
EndProject
Project("{FAE04EC0-301F-11D3-BF4B-00C04F79EFBC}") = "Converter.App.WinForms", "Converter.App.WinForms\Converter.App.WinForms.csproj", "{7FB42C79-4E98-4A24-AE71-0B3D68562B98}"
EndProject
Project("{2150E333-8FDC-42A3-9474-1A3956D46DE8}") = "UI", "UI", "{40E3F2D3-2C37-42F4-A675-567A5074F02C}"
EndProject
Project("{FAE04EC0-301F-11D3-BF4B-00C04F79EFBC}") = "Converter.Configuration", "Converter.Configuration\Converter.Configuration.csproj", "{5265B7B6-832C-4A0D-B895-B201E38D866B}"
EndProject
Project("{FAE04EC0-301F-11D3-BF4B-00C04F79EFBC}") = "Converter.Data.Txt", "Converter.Data.Txt\Converter.Data.Txt.csproj", "{5808BC68-6E3C-443A-A624-95CAD7152AE2}"
EndProject
Project("{FAE04EC0-301F-11D3-BF4B-00C04F79EFBC}") = "Converter.Installer", "Converter.Installer\Converter.Installer.csproj", "{CE5F6628-C7B5-4DC0-89D9-FC520FF4E12F}"
EndProject
Project("{54435603-DBB4-11D2-8724-00A0C9A8B90C}") = "Converter.Setup", "Converter.Setup\Converter.Setup.vdproj", "{87D0662F-F571-408B-8728-7B30CA572A1B}"
EndProject
Project("{FAE04EC0-301F-11D3-BF4B-00C04F79EFBC}") = "Converter.Models.Tests", "Converter.Models.Tests\Converter.Models.Tests.csproj", "{4396044A-7686-436F-83E4-DBFDE620FAB5}"
EndProject
Global
	GlobalSection(SolutionConfigurationPlatforms) = preSolution
		Debug|Any CPU = Debug|Any CPU
		Debug|x86 = Debug|x86
		Release|Any CPU = Release|Any CPU
		Release|x86 = Release|x86
	EndGlobalSection
	GlobalSection(ProjectConfigurationPlatforms) = postSolution
		{AF359FDA-981C-4616-82C4-4635DCA1F797}.Debug|Any CPU.ActiveCfg = Debug|Any CPU
		{AF359FDA-981C-4616-82C4-4635DCA1F797}.Debug|Any CPU.Build.0 = Debug|Any CPU
		{AF359FDA-981C-4616-82C4-4635DCA1F797}.Debug|x86.ActiveCfg = Debug|Any CPU
		{AF359FDA-981C-4616-82C4-4635DCA1F797}.Debug|x86.Build.0 = Debug|Any CPU
		{AF359FDA-981C-4616-82C4-4635DCA1F797}.Release|Any CPU.ActiveCfg = Release|Any CPU
		{AF359FDA-981C-4616-82C4-4635DCA1F797}.Release|Any CPU.Build.0 = Release|Any CPU
		{AF359FDA-981C-4616-82C4-4635DCA1F797}.Release|x86.ActiveCfg = Release|Any CPU
		{AF359FDA-981C-4616-82C4-4635DCA1F797}.Release|x86.Build.0 = Release|Any CPU
		{BCA5A24F-FBFE-4A0A-AB99-0710E4DF5D02}.Debug|Any CPU.ActiveCfg = Debug|Any CPU
		{BCA5A24F-FBFE-4A0A-AB99-0710E4DF5D02}.Debug|Any CPU.Build.0 = Debug|Any CPU
		{BCA5A24F-FBFE-4A0A-AB99-0710E4DF5D02}.Debug|x86.ActiveCfg = Debug|Any CPU
		{BCA5A24F-FBFE-4A0A-AB99-0710E4DF5D02}.Debug|x86.Build.0 = Debug|Any CPU
		{BCA5A24F-FBFE-4A0A-AB99-0710E4DF5D02}.Release|Any CPU.ActiveCfg = Release|Any CPU
		{BCA5A24F-FBFE-4A0A-AB99-0710E4DF5D02}.Release|Any CPU.Build.0 = Release|Any CPU
		{BCA5A24F-FBFE-4A0A-AB99-0710E4DF5D02}.Release|x86.ActiveCfg = Release|Any CPU
		{BCA5A24F-FBFE-4A0A-AB99-0710E4DF5D02}.Release|x86.Build.0 = Release|Any CPU
		{A8A92171-C7FD-4152-981F-B0C9066844D3}.Debug|Any CPU.ActiveCfg = Debug|Any CPU
		{A8A92171-C7FD-4152-981F-B0C9066844D3}.Debug|Any CPU.Build.0 = Debug|Any CPU
		{A8A92171-C7FD-4152-981F-B0C9066844D3}.Debug|x86.ActiveCfg = Debug|Any CPU
		{A8A92171-C7FD-4152-981F-B0C9066844D3}.Debug|x86.Build.0 = Debug|Any CPU
		{A8A92171-C7FD-4152-981F-B0C9066844D3}.Release|Any CPU.ActiveCfg = Release|Any CPU
		{A8A92171-C7FD-4152-981F-B0C9066844D3}.Release|Any CPU.Build.0 = Release|Any CPU
		{A8A92171-C7FD-4152-981F-B0C9066844D3}.Release|x86.ActiveCfg = Release|Any CPU
		{A8A92171-C7FD-4152-981F-B0C9066844D3}.Release|x86.Build.0 = Release|Any CPU
		{F3F96ED6-2BDD-4C13-AEBC-C804C8CD56AC}.Debug|Any CPU.ActiveCfg = Debug|Any CPU
		{F3F96ED6-2BDD-4C13-AEBC-C804C8CD56AC}.Debug|Any CPU.Build.0 = Debug|Any CPU
		{F3F96ED6-2BDD-4C13-AEBC-C804C8CD56AC}.Debug|x86.ActiveCfg = Debug|Any CPU
		{F3F96ED6-2BDD-4C13-AEBC-C804C8CD56AC}.Debug|x86.Build.0 = Debug|Any CPU
		{F3F96ED6-2BDD-4C13-AEBC-C804C8CD56AC}.Release|Any CPU.ActiveCfg = Release|Any CPU
		{F3F96ED6-2BDD-4C13-AEBC-C804C8CD56AC}.Release|Any CPU.Build.0 = Release|Any CPU
		{F3F96ED6-2BDD-4C13-AEBC-C804C8CD56AC}.Release|x86.ActiveCfg = Release|Any CPU
		{F3F96ED6-2BDD-4C13-AEBC-C804C8CD56AC}.Release|x86.Build.0 = Release|Any CPU
		{5A05D872-355D-434B-8505-4680A0DAE141}.Debug|Any CPU.ActiveCfg = Debug|Any CPU
		{5A05D872-355D-434B-8505-4680A0DAE141}.Debug|Any CPU.Build.0 = Debug|Any CPU
		{5A05D872-355D-434B-8505-4680A0DAE141}.Debug|x86.ActiveCfg = Debug|Any CPU
		{5A05D872-355D-434B-8505-4680A0DAE141}.Debug|x86.Build.0 = Debug|Any CPU
		{5A05D872-355D-434B-8505-4680A0DAE141}.Release|Any CPU.ActiveCfg = Release|Any CPU
		{5A05D872-355D-434B-8505-4680A0DAE141}.Release|Any CPU.Build.0 = Release|Any CPU
		{5A05D872-355D-434B-8505-4680A0DAE141}.Release|x86.ActiveCfg = Release|Any CPU
		{5A05D872-355D-434B-8505-4680A0DAE141}.Release|x86.Build.0 = Release|Any CPU
		{7FB42C79-4E98-4A24-AE71-0B3D68562B98}.Debug|Any CPU.ActiveCfg = Debug|Any CPU
		{7FB42C79-4E98-4A24-AE71-0B3D68562B98}.Debug|Any CPU.Build.0 = Debug|Any CPU
		{7FB42C79-4E98-4A24-AE71-0B3D68562B98}.Debug|x86.ActiveCfg = Debug|Any CPU
		{7FB42C79-4E98-4A24-AE71-0B3D68562B98}.Debug|x86.Build.0 = Debug|Any CPU
		{7FB42C79-4E98-4A24-AE71-0B3D68562B98}.Release|Any CPU.ActiveCfg = Release|Any CPU
		{7FB42C79-4E98-4A24-AE71-0B3D68562B98}.Release|Any CPU.Build.0 = Release|Any CPU
		{7FB42C79-4E98-4A24-AE71-0B3D68562B98}.Release|x86.ActiveCfg = Release|Any CPU
		{7FB42C79-4E98-4A24-AE71-0B3D68562B98}.Release|x86.Build.0 = Release|Any CPU
		{5265B7B6-832C-4A0D-B895-B201E38D866B}.Debug|Any CPU.ActiveCfg = Debug|Any CPU
		{5265B7B6-832C-4A0D-B895-B201E38D866B}.Debug|Any CPU.Build.0 = Debug|Any CPU
		{5265B7B6-832C-4A0D-B895-B201E38D866B}.Debug|x86.ActiveCfg = Debug|Any CPU
		{5265B7B6-832C-4A0D-B895-B201E38D866B}.Debug|x86.Build.0 = Debug|Any CPU
		{5265B7B6-832C-4A0D-B895-B201E38D866B}.Release|Any CPU.ActiveCfg = Release|Any CPU
		{5265B7B6-832C-4A0D-B895-B201E38D866B}.Release|Any CPU.Build.0 = Release|Any CPU
		{5265B7B6-832C-4A0D-B895-B201E38D866B}.Release|x86.ActiveCfg = Release|Any CPU
		{5265B7B6-832C-4A0D-B895-B201E38D866B}.Release|x86.Build.0 = Release|Any CPU
		{5808BC68-6E3C-443A-A624-95CAD7152AE2}.Debug|Any CPU.ActiveCfg = Debug|Any CPU
		{5808BC68-6E3C-443A-A624-95CAD7152AE2}.Debug|Any CPU.Build.0 = Debug|Any CPU
		{5808BC68-6E3C-443A-A624-95CAD7152AE2}.Debug|x86.ActiveCfg = Debug|Any CPU
		{5808BC68-6E3C-443A-A624-95CAD7152AE2}.Debug|x86.Build.0 = Debug|Any CPU
		{5808BC68-6E3C-443A-A624-95CAD7152AE2}.Release|Any CPU.ActiveCfg = Release|Any CPU
		{5808BC68-6E3C-443A-A624-95CAD7152AE2}.Release|Any CPU.Build.0 = Release|Any CPU
		{5808BC68-6E3C-443A-A624-95CAD7152AE2}.Release|x86.ActiveCfg = Release|Any CPU
		{5808BC68-6E3C-443A-A624-95CAD7152AE2}.Release|x86.Build.0 = Release|Any CPU
		{CE5F6628-C7B5-4DC0-89D9-FC520FF4E12F}.Debug|Any CPU.ActiveCfg = Debug|Any CPU
		{CE5F6628-C7B5-4DC0-89D9-FC520FF4E12F}.Debug|Any CPU.Build.0 = Debug|Any CPU
		{CE5F6628-C7B5-4DC0-89D9-FC520FF4E12F}.Debug|x86.ActiveCfg = Debug|Any CPU
		{CE5F6628-C7B5-4DC0-89D9-FC520FF4E12F}.Debug|x86.Build.0 = Debug|Any CPU
		{CE5F6628-C7B5-4DC0-89D9-FC520FF4E12F}.Release|Any CPU.ActiveCfg = Release|Any CPU
		{CE5F6628-C7B5-4DC0-89D9-FC520FF4E12F}.Release|Any CPU.Build.0 = Release|Any CPU
		{CE5F6628-C7B5-4DC0-89D9-FC520FF4E12F}.Release|x86.ActiveCfg = Release|Any CPU
		{CE5F6628-C7B5-4DC0-89D9-FC520FF4E12F}.Release|x86.Build.0 = Release|Any CPU
		{87D0662F-F571-408B-8728-7B30CA572A1B}.Debug|Any CPU.ActiveCfg = Debug
		{87D0662F-F571-408B-8728-7B30CA572A1B}.Debug|x86.ActiveCfg = Debug
		{87D0662F-F571-408B-8728-7B30CA572A1B}.Release|Any CPU.ActiveCfg = Release
		{87D0662F-F571-408B-8728-7B30CA572A1B}.Release|x86.ActiveCfg = Release
		{4396044A-7686-436F-83E4-DBFDE620FAB5}.Debug|Any CPU.ActiveCfg = Debug|Any CPU
		{4396044A-7686-436F-83E4-DBFDE620FAB5}.Debug|Any CPU.Build.0 = Debug|Any CPU
		{4396044A-7686-436F-83E4-DBFDE620FAB5}.Debug|x86.ActiveCfg = Debug|Any CPU
		{4396044A-7686-436F-83E4-DBFDE620FAB5}.Debug|x86.Build.0 = Debug|Any CPU
		{4396044A-7686-436F-83E4-DBFDE620FAB5}.Release|Any CPU.ActiveCfg = Release|Any CPU
		{4396044A-7686-436F-83E4-DBFDE620FAB5}.Release|Any CPU.Build.0 = Release|Any CPU
		{4396044A-7686-436F-83E4-DBFDE620FAB5}.Release|x86.ActiveCfg = Release|Any CPU
		{4396044A-7686-436F-83E4-DBFDE620FAB5}.Release|x86.Build.0 = Release|Any CPU
	EndGlobalSection
	GlobalSection(SolutionProperties) = preSolution
		HideSolutionNode = FALSE
	EndGlobalSection
	GlobalSection(NestedProjects) = preSolution
		{AF359FDA-981C-4616-82C4-4635DCA1F797} = {C23B8A03-8337-46E2-9E5A-B8124F4ECADC}
		{BCA5A24F-FBFE-4A0A-AB99-0710E4DF5D02} = {40E3F2D3-2C37-42F4-A675-567A5074F02C}
		{A8A92171-C7FD-4152-981F-B0C9066844D3} = {C23B8A03-8337-46E2-9E5A-B8124F4ECADC}
		{F3F96ED6-2BDD-4C13-AEBC-C804C8CD56AC} = {C23B8A03-8337-46E2-9E5A-B8124F4ECADC}
		{5A05D872-355D-434B-8505-4680A0DAE141} = {453322C7-429D-4B0E-BD16-CEFBF80A6B09}
		{7FB42C79-4E98-4A24-AE71-0B3D68562B98} = {40E3F2D3-2C37-42F4-A675-567A5074F02C}
		{40E3F2D3-2C37-42F4-A675-567A5074F02C} = {453322C7-429D-4B0E-BD16-CEFBF80A6B09}
		{5265B7B6-832C-4A0D-B895-B201E38D866B} = {453322C7-429D-4B0E-BD16-CEFBF80A6B09}
		{5808BC68-6E3C-443A-A624-95CAD7152AE2} = {C23B8A03-8337-46E2-9E5A-B8124F4ECADC}
		{CE5F6628-C7B5-4DC0-89D9-FC520FF4E12F} = {453322C7-429D-4B0E-BD16-CEFBF80A6B09}
		{87D0662F-F571-408B-8728-7B30CA572A1B} = {453322C7-429D-4B0E-BD16-CEFBF80A6B09}
		{4396044A-7686-436F-83E4-DBFDE620FAB5} = {9ED070BB-1FBA-49F2-8486-426DCA0ED43F}
	EndGlobalSection
EndGlobal
